
Microsoft Visual Studio Solution File, Format Version 12.00
# Visual Studio Version 17
VisualStudioVersion = 17.7.34024.191
MinimumVisualStudioVersion = 10.0.40219.1
Project("{8BC9CEB8-8B4A-11D0-8D11-00A0C91BC942}") = "glad", "glad.vcxproj", "{A47C80FB-D32F-4CF0-A895-B8939EB05A60}"
EndProject
Global
	GlobalSection(SolutionConfigurationPlatforms) = preSolution
		Debug|Win32 = Debug|Win32
		Debug|x64 = Debug|x64
		Debug|x86 = Debug|x86
		Release|Win32 = Release|Win32
		Release|x64 = Release|x64
		Release|x86 = Release|x86
	EndGlobalSection
	GlobalSection(ProjectConfigurationPlatforms) = postSolution
		{A47C80FB-D32F-4CF0-A895-B8939EB05A60}.Debug|Win32.ActiveCfg = Debug|Win32
		{A47C80FB-D32F-4CF0-A895-B8939EB05A60}.Debug|Win32.Build.0 = Debug|Win32
		{A47C80FB-D32F-4CF0-A895-B8939EB05A60}.Debug|x64.ActiveCfg = Debug|x64
		{A47C80FB-D32F-4CF0-A895-B8939EB05A60}.Debug|x64.Build.0 = Debug|x64
		{A47C80FB-D32F-4CF0-A895-B8939EB05A60}.Debug|x86.ActiveCfg = Debug|Win32
		{A47C80FB-D32F-4CF0-A895-B8939EB05A60}.Debug|x86.Build.0 = Debug|Win32
		{A47C80FB-D32F-4CF0-A895-B8939EB05A60}.Release|Win32.ActiveCfg = Release|Win32
		{A47C80FB-D32F-4CF0-A895-B8939EB05A60}.Release|Win32.Build.0 = Release|Win32
		{A47C80FB-D32F-4CF0-A895-B8939EB05A60}.Release|x64.ActiveCfg = Release|x64
		{A47C80FB-D32F-4CF0-A895-B8939EB05A60}.Release|x64.Build.0 = Release|x64
		{A47C80FB-D32F-4CF0-A895-B8939EB05A60}.Release|x86.ActiveCfg = Release|Win32
		{A47C80FB-D32F-4CF0-A895-B8939EB05A60}.Release|x86.Build.0 = Release|Win32
	EndGlobalSection
	GlobalSection(SolutionProperties) = preSolution
		HideSolutionNode = FALSE
	EndGlobalSection
	GlobalSection(ExtensibilityGlobals) = postSolution
		SolutionGuid = {91B92306-26C7-4E56-9FA2-C6710FD5411F}
	EndGlobalSection
EndGlobal
